// !$*UTF8*$!
{
	archiveVersion = 1;
	classes = {
	};
	objectVersion = 46;
	objects = {

/* Begin PBXBuildFile section */
		601F6E9E1BB123AB003AF56E /* main.m in Sources */ = {isa = PBXBuildFile; fileRef = 601F6E9D1BB123AB003AF56E /* main.m */; };
		601F6EA11BB123AC003AF56E /* AppDelegate.m in Sources */ = {isa = PBXBuildFile; fileRef = 601F6EA01BB123AC003AF56E /* AppDelegate.m */; };
		601F6EA91BB123AC003AF56E /* Images.xcassets in Resources */ = {isa = PBXBuildFile; fileRef = 601F6EA81BB123AC003AF56E /* Images.xcassets */; };
		601F6EB81BB123AC003AF56E /* tipcalculatorTests.m in Sources */ = {isa = PBXBuildFile; fileRef = 601F6EB71BB123AC003AF56E /* tipcalculatorTests.m */; };
		601F6EC41BB12BA9003AF56E /* TipViewController.m in Sources */ = {isa = PBXBuildFile; fileRef = 601F6EC21BB12BA9003AF56E /* TipViewController.m */; };
		601F6EC51BB12BA9003AF56E /* TipViewController.xib in Resources */ = {isa = PBXBuildFile; fileRef = 601F6EC31BB12BA9003AF56E /* TipViewController.xib */; };
		60D2683D1BB9D8000043C99C /* SettingViewController.m in Sources */ = {isa = PBXBuildFile; fileRef = 60D2683B1BB9D8000043C99C /* SettingViewController.m */; };
		60D2683E1BB9D8000043C99C /* SettingViewController.xib in Resources */ = {isa = PBXBuildFile; fileRef = 60D2683C1BB9D8000043C99C /* SettingViewController.xib */; };
/* End PBXBuildFile section */

/* Begin PBXContainerItemProxy section */
		601F6EB21BB123AC003AF56E /* PBXContainerItemProxy */ = {
			isa = PBXContainerItemProxy;
			containerPortal = 601F6E901BB123AB003AF56E /* Project object */;
			proxyType = 1;
			remoteGlobalIDString = 601F6E971BB123AB003AF56E;
			remoteInfo = tipcalculator;
		};
/* End PBXContainerItemProxy section */

/* Begin PBXFileReference section */
		601F6E981BB123AB003AF56E /* tipcalculator.app */ = {isa = PBXFileReference; explicitFileType = wrapper.application; includeInIndex = 0; path = tipcalculator.app; sourceTree = BUILT_PRODUCTS_DIR; };
		601F6E9C1BB123AB003AF56E /* Info.plist */ = {isa = PBXFileReference; lastKnownFileType = text.plist.xml; path = Info.plist; sourceTree = "<group>"; };
		601F6E9D1BB123AB003AF56E /* main.m */ = {isa = PBXFileReference; lastKnownFileType = sourcecode.c.objc; path = main.m; sourceTree = "<group>"; };
		601F6E9F1BB123AC003AF56E /* AppDelegate.h */ = {isa = PBXFileReference; lastKnownFileType = sourcecode.c.h; path = AppDelegate.h; sourceTree = "<group>"; };
		601F6EA01BB123AC003AF56E /* AppDelegate.m */ = {isa = PBXFileReference; lastKnownFileType = sourcecode.c.objc; path = AppDelegate.m; sourceTree = "<group>"; };
		601F6EA81BB123AC003AF56E /* Images.xcassets */ = {isa = PBXFileReference; lastKnownFileType = folder.assetcatalog; path = Images.xcassets; sourceTree = "<group>"; };
		601F6EB11BB123AC003AF56E /* tipcalculatorTests.xctest */ = {isa = PBXFileReference; explicitFileType = wrapper.cfbundle; includeInIndex = 0; path = tipcalculatorTests.xctest; sourceTree = BUILT_PRODUCTS_DIR; };
		601F6EB61BB123AC003AF56E /* Info.plist */ = {isa = PBXFileReference; lastKnownFileType = text.plist.xml; path = Info.plist; sourceTree = "<group>"; };
		601F6EB71BB123AC003AF56E /* tipcalculatorTests.m */ = {isa = PBXFileReference; lastKnownFileType = sourcecode.c.objc; path = tipcalculatorTests.m; sourceTree = "<group>"; };
		601F6EC11BB12BA9003AF56E /* TipViewController.h */ = {isa = PBXFileReference; fileEncoding = 4; lastKnownFileType = sourcecode.c.h; path = TipViewController.h; sourceTree = "<group>"; };
		601F6EC21BB12BA9003AF56E /* TipViewController.m */ = {isa = PBXFileReference; fileEncoding = 4; lastKnownFileType = sourcecode.c.objc; path = TipViewController.m; sourceTree = "<group>"; };
		601F6EC31BB12BA9003AF56E /* TipViewController.xib */ = {isa = PBXFileReference; fileEncoding = 4; lastKnownFileType = file.xib; path = TipViewController.xib; sourceTree = "<group>"; };
		60D2683A1BB9D8000043C99C /* SettingViewController.h */ = {isa = PBXFileReference; fileEncoding = 4; lastKnownFileType = sourcecode.c.h; name = SettingViewController.h; path = ../SettingViewController.h; sourceTree = "<group>"; };
		60D2683B1BB9D8000043C99C /* SettingViewController.m */ = {isa = PBXFileReference; fileEncoding = 4; lastKnownFileType = sourcecode.c.objc; name = SettingViewController.m; path = ../SettingViewController.m; sourceTree = "<group>"; };
		60D2683C1BB9D8000043C99C /* SettingViewController.xib */ = {isa = PBXFileReference; fileEncoding = 4; lastKnownFileType = file.xib; name = SettingViewController.xib; path = ../SettingViewController.xib; sourceTree = "<group>"; };
/* End PBXFileReference section */

/* Begin PBXFrameworksBuildPhase section */
		601F6E951BB123AB003AF56E /* Frameworks */ = {
			isa = PBXFrameworksBuildPhase;
			buildActionMask = 2147483647;
			files = (
			);
			runOnlyForDeploymentPostprocessing = 0;
		};
		601F6EAE1BB123AC003AF56E /* Frameworks */ = {
			isa = PBXFrameworksBuildPhase;
			buildActionMask = 2147483647;
			files = (
			);
			runOnlyForDeploymentPostprocessing = 0;
		};
/* End PBXFrameworksBuildPhase section */

/* Begin PBXGroup section */
		601F6E8F1BB123AB003AF56E = {
			isa = PBXGroup;
			children = (
				601F6E9A1BB123AB003AF56E /* tipcalculator */,
				601F6EB41BB123AC003AF56E /* tipcalculatorTests */,
				601F6E991BB123AB003AF56E /* Products */,
			);
			sourceTree = "<group>";
		};
		601F6E991BB123AB003AF56E /* Products */ = {
			isa = PBXGroup;
			children = (
				601F6E981BB123AB003AF56E /* tipcalculator.app */,
				601F6EB11BB123AC003AF56E /* tipcalculatorTests.xctest */,
			);
			name = Products;
			sourceTree = "<group>";
		};
		601F6E9A1BB123AB003AF56E /* tipcalculator */ = {
			isa = PBXGroup;
			children = (
				60D2683A1BB9D8000043C99C /* SettingViewController.h */,
				60D2683B1BB9D8000043C99C /* SettingViewController.m */,
				60D2683C1BB9D8000043C99C /* SettingViewController.xib */,
				601F6E9F1BB123AC003AF56E /* AppDelegate.h */,
				601F6EA01BB123AC003AF56E /* AppDelegate.m */,
				601F6EA81BB123AC003AF56E /* Images.xcassets */,
				601F6E9B1BB123AB003AF56E /* Supporting Files */,
				601F6EC11BB12BA9003AF56E /* TipViewController.h */,
				601F6EC21BB12BA9003AF56E /* TipViewController.m */,
				601F6EC31BB12BA9003AF56E /* TipViewController.xib */,
			);
			path = tipcalculator;
			sourceTree = "<group>";
		};
		601F6E9B1BB123AB003AF56E /* Supporting Files */ = {
			isa = PBXGroup;
			children = (
				601F6E9C1BB123AB003AF56E /* Info.plist */,
				601F6E9D1BB123AB003AF56E /* main.m */,
			);
			name = "Supporting Files";
			sourceTree = "<group>";
		};
		601F6EB41BB123AC003AF56E /* tipcalculatorTests */ = {
			isa = PBXGroup;
			children = (
				601F6EB71BB123AC003AF56E /* tipcalculatorTests.m */,
				601F6EB51BB123AC003AF56E /* Supporting Files */,
			);
			path = tipcalculatorTests;
			sourceTree = "<group>";
		};
		601F6EB51BB123AC003AF56E /* Supporting Files */ = {
			isa = PBXGroup;
			children = (
				601F6EB61BB123AC003AF56E /* Info.plist */,
			);
			name = "Supporting Files";
			sourceTree = "<group>";
		};
/* End PBXGroup section */

/* Begin PBXNativeTarget section */
		601F6E971BB123AB003AF56E /* tipcalculator */ = {
			isa = PBXNativeTarget;
			buildConfigurationList = 601F6EBB1BB123AC003AF56E /* Build configuration list for PBXNativeTarget "tipcalculator" */;
			buildPhases = (
				601F6E941BB123AB003AF56E /* Sources */,
				601F6E951BB123AB003AF56E /* Frameworks */,
				601F6E961BB123AB003AF56E /* Resources */,
			);
			buildRules = (
			);
			dependencies = (
			);
			name = tipcalculator;
			productName = tipcalculator;
			productReference = 601F6E981BB123AB003AF56E /* tipcalculator.app */;
			productType = "com.apple.product-type.application";
		};
		601F6EB01BB123AC003AF56E /* tipcalculatorTests */ = {
			isa = PBXNativeTarget;
			buildConfigurationList = 601F6EBE1BB123AC003AF56E /* Build configuration list for PBXNativeTarget "tipcalculatorTests" */;
			buildPhases = (
				601F6EAD1BB123AC003AF56E /* Sources */,
				601F6EAE1BB123AC003AF56E /* Frameworks */,
				601F6EAF1BB123AC003AF56E /* Resources */,
			);
			buildRules = (
			);
			dependencies = (
				601F6EB31BB123AC003AF56E /* PBXTargetDependency */,
			);
			name = tipcalculatorTests;
			productName = tipcalculatorTests;
			productReference = 601F6EB11BB123AC003AF56E /* tipcalculatorTests.xctest */;
			productType = "com.apple.product-type.bundle.unit-test";
		};
/* End PBXNativeTarget section */

/* Begin PBXProject section */
		601F6E901BB123AB003AF56E /* Project object */ = {
			isa = PBXProject;
			attributes = {
				LastUpgradeCheck = 0630;
				ORGANIZATIONNAME = "Matias Arenas Sepulveda";
				TargetAttributes = {
					601F6E971BB123AB003AF56E = {
						CreatedOnToolsVersion = 6.3.2;
					};
					601F6EB01BB123AC003AF56E = {
						CreatedOnToolsVersion = 6.3.2;
						TestTargetID = 601F6E971BB123AB003AF56E;
					};
				};
			};
			buildConfigurationList = 601F6E931BB123AB003AF56E /* Build configuration list for PBXProject "tipcalculator" */;
			compatibilityVersion = "Xcode 3.2";
			developmentRegion = English;
			hasScannedForEncodings = 0;
			knownRegions = (
				en,
				Base,
			);
			mainGroup = 601F6E8F1BB123AB003AF56E;
			productRefGroup = 601F6E991BB123AB003AF56E /* Products */;
			projectDirPath = "";
			projectRoot = "";
			targets = (
				601F6E971BB123AB003AF56E /* tipcalculator */,
				601F6EB01BB123AC003AF56E /* tipcalculatorTests */,
			);
		};
/* End PBXProject section */

/* Begin PBXResourcesBuildPhase section */
		601F6E961BB123AB003AF56E /* Resources */ = {
			isa = PBXResourcesBuildPhase;
			buildActionMask = 2147483647;
			files = (
				601F6EC51BB12BA9003AF56E /* TipViewController.xib in Resources */,
				60D2683E1BB9D8000043C99C /* SettingViewController.xib in Resources */,
				601F6EA91BB123AC003AF56E /* Images.xcassets in Resources */,
			);
			runOnlyForDeploymentPostprocessing = 0;
		};
		601F6EAF1BB123AC003AF56E /* Resources */ = {
			isa = PBXResourcesBuildPhase;
			buildActionMask = 2147483647;
			files = (
			);
			runOnlyForDeploymentPostprocessing = 0;
		};
/* End PBXResourcesBuildPhase section */

/* Begin PBXSourcesBuildPhase section */
		601F6E941BB123AB003AF56E /* Sources */ = {
			isa = PBXSourcesBuildPhase;
			buildActionMask = 2147483647;
			files = (
				601F6EA11BB123AC003AF56E /* AppDelegate.m in Sources */,
				601F6EC41BB12BA9003AF56E /* TipViewController.m in Sources */,
				601F6E9E1BB123AB003AF56E /* main.m in Sources */,
				60D2683D1BB9D8000043C99C /* SettingViewController.m in Sources */,
			);
			runOnlyForDeploymentPostprocessing = 0;
		};
		601F6EAD1BB123AC003AF56E /* Sources */ = {
			isa = PBXSourcesBuildPhase;
			buildActionMask = 2147483647;
			files = (
				601F6EB81BB123AC003AF56E /* tipcalculatorTests.m in Sources */,
			);
			runOnlyForDeploymentPostprocessing = 0;
		};
/* End PBXSourcesBuildPhase section */

/* Begin PBXTargetDependency section */
		601F6EB31BB123AC003AF56E /* PBXTargetDependency */ = {
			isa = PBXTargetDependency;
			target = 601F6E971BB123AB003AF56E /* tipcalculator */;
			targetProxy = 601F6EB21BB123AC003AF56E /* PBXContainerItemProxy */;
		};
/* End PBXTargetDependency section */

/* Begin XCBuildConfiguration section */
		601F6EB91BB123AC003AF56E /* Debug */ = {
			isa = XCBuildConfiguration;
			buildSettings = {
				ALWAYS_SEARCH_USER_PATHS = NO;
				CLANG_CXX_LANGUAGE_STANDARD = "gnu++0x";
				CLANG_CXX_LIBRARY = "libc++";
				CLANG_ENABLE_MODULES = YES;
				CLANG_ENABLE_OBJC_ARC = YES;
				CLANG_WARN_BOOL_CONVERSION = YES;
				CLANG_WARN_CONSTANT_CONVERSION = YES;
				CLANG_WARN_DIRECT_OBJC_ISA_USAGE = YES_ERROR;
				CLANG_WARN_EMPTY_BODY = YES;
				CLANG_WARN_ENUM_CONVERSION = YES;
				CLANG_WARN_INT_CONVERSION = YES;
				CLANG_WARN_OBJC_ROOT_CLASS = YES_ERROR;
				CLANG_WARN_UNREACHABLE_CODE = YES;
				CLANG_WARN__DUPLICATE_METHOD_MATCH = YES;
				"CODE_SIGN_IDENTITY[sdk=iphoneos*]" = "iPhone Developer";
				COPY_PHASE_STRIP = NO;
				DEBUG_INFORMATION_FORMAT = "dwarf-with-dsym";
				ENABLE_STRICT_OBJC_MSGSEND = YES;
				GCC_C_LANGUAGE_STANDARD = gnu99;
				GCC_DYNAMIC_NO_PIC = NO;
				GCC_NO_COMMON_BLOCKS = YES;
				GCC_OPTIMIZATION_LEVEL = 0;
				GCC_PREPROCESSOR_DEFINITIONS = (
					"DEBUG=1",
					"$(inherited)",
				);
				GCC_SYMBOLS_PRIVATE_EXTERN = NO;
				GCC_WARN_64_TO_32_BIT_CONVERSION = YES;
				GCC_WARN_ABOUT_RETURN_TYPE = YES_ERROR;
				GCC_WARN_UNDECLARED_SELECTOR = YES;
				GCC_WARN_UNINITIALIZED_AUTOS = YES_AGGRESSIVE;
				GCC_WARN_UNUSED_FUNCTION = YES;
				GCC_WARN_UNUSED_VARIABLE = YES;
				IPHONEOS_DEPLOYMENT_TARGET = 8.3;
				MTL_ENABLE_DEBUG_INFO = YES;
				ONLY_ACTIVE_ARCH = YES;
				SDKROOT = iphoneos;
			};
			name = Debug;
		};
		601F6EBA1BB123AC003AF56E /* Release */ = {
			isa = XCBuildConfiguration;
			buildSettings = {
				ALWAYS_SEARCH_USER_PATHS = NO;
				CLANG_CXX_LANGUAGE_STANDARD = "gnu++0x";
				CLANG_CXX_LIBRARY = "libc++";
				CLANG_ENABLE_MODULES = YES;
				CLANG_ENABLE_OBJC_ARC = YES;
				CLANG_WARN_BOOL_CONVERSION = YES;
				CLANG_WARN_CONSTANT_CONVERSION = YES;
				CLANG_WARN_DIRECT_OBJC_ISA_USAGE = YES_ERROR;
				CLANG_WARN_EMPTY_BODY = YES;
				CLANG_WARN_ENUM_CONVERSION = YES;
				CLANG_WARN_INT_CONVERSION = YES;
				CLANG_WARN_OBJC_ROOT_CLASS = YES_ERROR;
				CLANG_WARN_UNREACHABLE_CODE = YES;
				CLANG_WARN__DUPLICATE_METHOD_MATCH = YES;
				"CODE_SIGN_IDENTITY[sdk=iphoneos*]" = "iPhone Developer";
				COPY_PHASE_STRIP = NO;
				DEBUG_INFORMATION_FORMAT = "dwarf-with-dsym";
				ENABLE_NS_ASSERTIONS = NO;
				ENABLE_STRICT_OBJC_MSGSEND = YES;
				GCC_C_LANGUAGE_STANDARD = gnu99;
				GCC_NO_COMMON_BLOCKS = YES;
				GCC_WARN_64_TO_32_BIT_CONVERSION = YES;
				GCC_WARN_ABOUT_RETURN_TYPE = YES_ERROR;
				GCC_WARN_UNDECLARED_SELECTOR = YES;
				GCC_WARN_UNINITIALIZED_AUTOS = YES_AGGRESSIVE;
				GCC_WARN_UNUSED_FUNCTION = YES;
				GCC_WARN_UNUSED_VARIABLE = YES;
				IPHONEOS_DEPLOYMENT_TARGET = 8.3;
				MTL_ENABLE_DEBUG_INFO = NO;
				SDKROOT = iphoneos;
				VALIDATE_PRODUCT = YES;
			};
			name = Release;
		};
		601F6EBC1BB123AC003AF56E /* Debug */ = {
			isa = XCBuildConfiguration;
			buildSettings = {
				ASSETCATALOG_COMPILER_APPICON_NAME = AppIcon;
				INFOPLIST_FILE = tipcalculator/Info.plist;
				LD_RUNPATH_SEARCH_PATHS = "$(inherited) @executable_path/Frameworks";
				PRODUCT_NAME = "$(TARGET_NAME)";
			};
			name = Debug;
		};
		601F6EBD1BB123AC003AF56E /* Release */ = {
			isa = XCBuildConfiguration;
			buildSettings = {
				ASSETCATALOG_COMPILER_APPICON_NAME = AppIcon;
				INFOPLIST_FILE = tipcalculator/Info.plist;
				LD_RUNPATH_SEARCH_PATHS = "$(inherited) @executable_path/Frameworks";
				PRODUCT_NAME = "$(TARGET_NAME)";
			};
			name = Release;
		};
		601F6EBF1BB123AC003AF56E /* Debug */ = {
			isa = XCBuildConfiguration;
			buildSettings = {
				BUNDLE_LOADER = "$(TEST_HOST)";
				FRAMEWORK_SEARCH_PATHS = (
					"$(SDKROOT)/Developer/Library/Frameworks",
					"$(inherited)",
				);
				GCC_PREPROCESSOR_DEFINITIONS = (
					"DEBUG=1",
					"$(inherited)",
				);
				INFOPLIST_FILE = tipcalculatorTests/Info.plist;
				LD_RUNPATH_SEARCH_PATHS = "$(inherited) @executable_path/Frameworks @loader_path/Frameworks";
				PRODUCT_NAME = "$(TARGET_NAME)";
				TEST_HOST = "$(BUILT_PRODUCTS_DIR)/tipcalculator.app/tipcalculator";
			};
			name = Debug;
		};
		601F6EC01BB123AC003AF56E /* Release */ = {
			isa = XCBuildConfiguration;
			buildSettings = {
				BUNDLE_LOADER = "$(TEST_HOST)";
				FRAMEWORK_SEARCH_PATHS = (
					"$(SDKROOT)/Developer/Library/Frameworks",
					"$(inherited)",
				);
				INFOPLIST_FILE = tipcalculatorTests/Info.plist;
				LD_RUNPATH_SEARCH_PATHS = "$(inherited) @executable_path/Frameworks @loader_path/Frameworks";
				PRODUCT_NAME = "$(TARGET_NAME)";
				TEST_HOST = "$(BUILT_PRODUCTS_DIR)/tipcalculator.app/tipcalculator";
			};
			name = Release;
		};
/* End XCBuildConfiguration section */

/* Begin XCConfigurationList section */
		601F6E931BB123AB003AF56E /* Build configuration list for PBXProject "tipcalculator" */ = {
			isa = XCConfigurationList;
			buildConfigurations = (
				601F6EB91BB123AC003AF56E /* Debug */,
				601F6EBA1BB123AC003AF56E /* Release */,
			);
			defaultConfigurationIsVisible = 0;
			defaultConfigurationName = Release;
		};
		601F6EBB1BB123AC003AF56E /* Build configuration list for PBXNativeTarget "tipcalculator" */ = {
			isa = XCConfigurationList;
			buildConfigurations = (
				601F6EBC1BB123AC003AF56E /* Debug */,
				601F6EBD1BB123AC003AF56E /* Release */,
			);
			defaultConfigurationIsVisible = 0;
			defaultConfigurationName = Release;
		};
		601F6EBE1BB123AC003AF56E /* Build configuration list for PBXNativeTarget "tipcalculatorTests" */ = {
			isa = XCConfigurationList;
			buildConfigurations = (
				601F6EBF1BB123AC003AF56E /* Debug */,
				601F6EC01BB123AC003AF56E /* Release */,
			);
			defaultConfigurationIsVisible = 0;
			defaultConfigurationName = Release;
		};
/* End XCConfigurationList section */
	};
	rootObject = 601F6E901BB123AB003AF56E /* Project object */;
}
